---
- - test/fixtures/repos/bundler/no_lockfile
  - 1947ce9a9c276d5df1c323b2ad78d1d85c7ab4c0
- - test/fixtures/repos/ci/rails5_ci_fails_no_database
  - 3044f05febdfbbe656f0f5113cf5968ca07e34fd
- - test/fixtures/repos/ci/rails5_ruby_schema_format
  - 3e63c3e13f435cf4ab11265e9abd161cc28cc552
- - test/fixtures/repos/default/default_ruby
  - da748a59340be8b950e7bbbfb32077eb67d70c3c
- - test/fixtures/repos/foo/codetriage
  - 256a144a9b31c4aa9577956c5230f397ffdc9988
- - test/fixtures/repos/rails2/rails2blog
  - b37357a498ae5e8429f5601c5ab9524021dc2aaa
- - test/fixtures/repos/rails3/rails3_mri_193
  - 88c5d0d067cfd11e4452633994a85b04627ae8c7
