---
- - repo_fixtures/repos/bundler/no_lockfile
  - 1947ce9a9c276d5df1c323b2ad78d1d85c7ab4c0
- - repo_fixtures/repos/ci/rails5_ci_fails_no_database
  - 3044f05febdfbbe656f0f5113cf5968ca07e34fd
- - repo_fixtures/repos/ci/rails5_ruby_schema_format
  - d76be86c66ae8f45ec611fb2c4d8eb3adac0ad4b
- - repo_fixtures/repos/default/default_ruby
  - 6e642963acec0ff64af51bd6fba8db3c4176ed6e
- - repo_fixtures/repos/lock/lock_fail
  - da748a59340be8b950e7bbbfb32077eb67d70c3c
- - repo_fixtures/repos/lock/lock_fail_main
  - main
- - repo_fixtures/repos/lock/lock_fail_master
  - master
- - repo_fixtures/repos/rails2/rails2blog
  - b37357a498ae5e8429f5601c5ab9524021dc2aaa
- - repo_fixtures/repos/rails3/rails3_mri_193
  - 88c5d0d067cfd11e4452633994a85b04627ae8c7
